// !$*UTF8*$!
{
	archiveVersion = 1;
	classes = {
	};
	objectVersion = 46;
	objects = {

/* Begin PBXBuildFile section */
		35791CBF171588890011FD1F /* UIKit.framework in Frameworks */ = {isa = PBXBuildFile; fileRef = 35791CBE171588890011FD1F /* UIKit.framework */; };
		35791CC1171588890011FD1F /* Foundation.framework in Frameworks */ = {isa = PBXBuildFile; fileRef = 35791CC0171588890011FD1F /* Foundation.framework */; };
		35791CC3171588890011FD1F /* CoreGraphics.framework in Frameworks */ = {isa = PBXBuildFile; fileRef = 35791CC2171588890011FD1F /* CoreGraphics.framework */; };
		35791CC9171588890011FD1F /* InfoPlist.strings in Resources */ = {isa = PBXBuildFile; fileRef = 35791CC7171588890011FD1F /* InfoPlist.strings */; };
		35791CCB171588890011FD1F /* main.m in Sources */ = {isa = PBXBuildFile; fileRef = 35791CCA171588890011FD1F /* main.m */; };
		35791CCF171588890011FD1F /* APPAppDelegate.m in Sources */ = {isa = PBXBuildFile; fileRef = 35791CCE171588890011FD1F /* APPAppDelegate.m */; };
		35791CD1171588890011FD1F /* Default.png in Resources */ = {isa = PBXBuildFile; fileRef = 35791CD0171588890011FD1F /* Default.png */; };
		35791CD3171588890011FD1F /* Default@2x.png in Resources */ = {isa = PBXBuildFile; fileRef = 35791CD2171588890011FD1F /* Default@2x.png */; };
		35791CD5171588890011FD1F /* Default-568h@2x.png in Resources */ = {isa = PBXBuildFile; fileRef = 35791CD4171588890011FD1F /* Default-568h@2x.png */; };
		35791CD8171588890011FD1F /* APPViewController.m in Sources */ = {isa = PBXBuildFile; fileRef = 35791CD7171588890011FD1F /* APPViewController.m */; };
		35791CDB171588890011FD1F /* APPViewController.xib in Resources */ = {isa = PBXBuildFile; fileRef = 35791CD9171588890011FD1F /* APPViewController.xib */; };
		4DA7BB261799F1160056053E /* 18-monkey-with-banana.png in Resources */ = {isa = PBXBuildFile; fileRef = 4DA7BB251799F1160056053E /* 18-monkey-with-banana.png */; };
		4DABCA9317F4A96700D5A548 /* floop-share-button.png in Resources */ = {isa = PBXBuildFile; fileRef = 4DABCA9217F4A96700D5A548 /* floop-share-button.png */; };
		4DEA022017908933003BB34D /* CFNetwork.framework in Frameworks */ = {isa = PBXBuildFile; fileRef = 4DEA021D17908933003BB34D /* CFNetwork.framework */; };
		4DEA022117908933003BB34D /* CoreData.framework in Frameworks */ = {isa = PBXBuildFile; fileRef = 4DEA021E17908933003BB34D /* CoreData.framework */; };
		4DEA022217908933003BB34D /* MobileCoreServices.framework in Frameworks */ = {isa = PBXBuildFile; fileRef = 4DEA021F17908933003BB34D /* MobileCoreServices.framework */; };
		4DEA022417908944003BB34D /* SystemConfiguration.framework in Frameworks */ = {isa = PBXBuildFile; fileRef = 4DEA022317908944003BB34D /* SystemConfiguration.framework */; };
		4DEA02261790894C003BB34D /* QuartzCore.framework in Frameworks */ = {isa = PBXBuildFile; fileRef = 4DEA02251790894C003BB34D /* QuartzCore.framework */; };
		4DEA022817908957003BB34D /* CoreImage.framework in Frameworks */ = {isa = PBXBuildFile; fileRef = 4DEA022717908957003BB34D /* CoreImage.framework */; };
		4DEA022A1790896A003BB34D /* AdSupport.framework in Frameworks */ = {isa = PBXBuildFile; fileRef = 4DEA02291790896A003BB34D /* AdSupport.framework */; };
		BF9C82CE180EC780000C4928 /* floopsdk.bundle in Resources */ = {isa = PBXBuildFile; fileRef = BF9C82CC180EC780000C4928 /* floopsdk.bundle */; };
		BF9C82CF180EC780000C4928 /* floopsdk.framework in Frameworks */ = {isa = PBXBuildFile; fileRef = BF9C82CD180EC780000C4928 /* floopsdk.framework */; };
/* End PBXBuildFile section */

/* Begin PBXFileReference section */
		35791CBB171588890011FD1F /* CameraApp.app */ = {isa = PBXFileReference; explicitFileType = wrapper.application; includeInIndex = 0; path = CameraApp.app; sourceTree = BUILT_PRODUCTS_DIR; };
		35791CBE171588890011FD1F /* UIKit.framework */ = {isa = PBXFileReference; lastKnownFileType = wrapper.framework; name = UIKit.framework; path = System/Library/Frameworks/UIKit.framework; sourceTree = SDKROOT; };
		35791CC0171588890011FD1F /* Foundation.framework */ = {isa = PBXFileReference; lastKnownFileType = wrapper.framework; name = Foundation.framework; path = System/Library/Frameworks/Foundation.framework; sourceTree = SDKROOT; };
		35791CC2171588890011FD1F /* CoreGraphics.framework */ = {isa = PBXFileReference; lastKnownFileType = wrapper.framework; name = CoreGraphics.framework; path = System/Library/Frameworks/CoreGraphics.framework; sourceTree = SDKROOT; };
		35791CC6171588890011FD1F /* CameraApp-Info.plist */ = {isa = PBXFileReference; lastKnownFileType = text.plist.xml; path = "CameraApp-Info.plist"; sourceTree = "<group>"; };
		35791CC8171588890011FD1F /* en */ = {isa = PBXFileReference; lastKnownFileType = text.plist.strings; name = en; path = en.lproj/InfoPlist.strings; sourceTree = "<group>"; };
		35791CCA171588890011FD1F /* main.m */ = {isa = PBXFileReference; lastKnownFileType = sourcecode.c.objc; path = main.m; sourceTree = "<group>"; };
		35791CCC171588890011FD1F /* CameraApp-Prefix.pch */ = {isa = PBXFileReference; lastKnownFileType = sourcecode.c.h; path = "CameraApp-Prefix.pch"; sourceTree = "<group>"; };
		35791CCD171588890011FD1F /* APPAppDelegate.h */ = {isa = PBXFileReference; lastKnownFileType = sourcecode.c.h; path = APPAppDelegate.h; sourceTree = "<group>"; };
		35791CCE171588890011FD1F /* APPAppDelegate.m */ = {isa = PBXFileReference; lastKnownFileType = sourcecode.c.objc; path = APPAppDelegate.m; sourceTree = "<group>"; };
		35791CD0171588890011FD1F /* Default.png */ = {isa = PBXFileReference; lastKnownFileType = image.png; path = Default.png; sourceTree = "<group>"; };
		35791CD2171588890011FD1F /* Default@2x.png */ = {isa = PBXFileReference; lastKnownFileType = image.png; path = "Default@2x.png"; sourceTree = "<group>"; };
		35791CD4171588890011FD1F /* Default-568h@2x.png */ = {isa = PBXFileReference; lastKnownFileType = image.png; path = "Default-568h@2x.png"; sourceTree = "<group>"; };
		35791CD6171588890011FD1F /* APPViewController.h */ = {isa = PBXFileReference; lastKnownFileType = sourcecode.c.h; path = APPViewController.h; sourceTree = "<group>"; };
		35791CD7171588890011FD1F /* APPViewController.m */ = {isa = PBXFileReference; lastKnownFileType = sourcecode.c.objc; path = APPViewController.m; sourceTree = "<group>"; };
		35791CDA171588890011FD1F /* en */ = {isa = PBXFileReference; lastKnownFileType = file.xib; name = en; path = en.lproj/APPViewController.xib; sourceTree = "<group>"; };
		4DA7BB251799F1160056053E /* 18-monkey-with-banana.png */ = {isa = PBXFileReference; lastKnownFileType = image.png; path = "18-monkey-with-banana.png"; sourceTree = "<group>"; };
		4DABCA9217F4A96700D5A548 /* floop-share-button.png */ = {isa = PBXFileReference; lastKnownFileType = image.png; path = "floop-share-button.png"; sourceTree = "<group>"; };
		4DEA021D17908933003BB34D /* CFNetwork.framework */ = {isa = PBXFileReference; lastKnownFileType = wrapper.framework; name = CFNetwork.framework; path = System/Library/Frameworks/CFNetwork.framework; sourceTree = SDKROOT; };
		4DEA021E17908933003BB34D /* CoreData.framework */ = {isa = PBXFileReference; lastKnownFileType = wrapper.framework; name = CoreData.framework; path = System/Library/Frameworks/CoreData.framework; sourceTree = SDKROOT; };
		4DEA021F17908933003BB34D /* MobileCoreServices.framework */ = {isa = PBXFileReference; lastKnownFileType = wrapper.framework; name = MobileCoreServices.framework; path = System/Library/Frameworks/MobileCoreServices.framework; sourceTree = SDKROOT; };
		4DEA022317908944003BB34D /* SystemConfiguration.framework */ = {isa = PBXFileReference; lastKnownFileType = wrapper.framework; name = SystemConfiguration.framework; path = System/Library/Frameworks/SystemConfiguration.framework; sourceTree = SDKROOT; };
		4DEA02251790894C003BB34D /* QuartzCore.framework */ = {isa = PBXFileReference; lastKnownFileType = wrapper.framework; name = QuartzCore.framework; path = System/Library/Frameworks/QuartzCore.framework; sourceTree = SDKROOT; };
		4DEA022717908957003BB34D /* CoreImage.framework */ = {isa = PBXFileReference; lastKnownFileType = wrapper.framework; name = CoreImage.framework; path = System/Library/Frameworks/CoreImage.framework; sourceTree = SDKROOT; };
		4DEA02291790896A003BB34D /* AdSupport.framework */ = {isa = PBXFileReference; lastKnownFileType = wrapper.framework; name = AdSupport.framework; path = System/Library/Frameworks/AdSupport.framework; sourceTree = SDKROOT; };
		BF9C82CC180EC780000C4928 /* floopsdk.bundle */ = {isa = PBXFileReference; lastKnownFileType = "wrapper.plug-in"; path = floopsdk.bundle; sourceTree = "<group>"; };
		BF9C82CD180EC780000C4928 /* floopsdk.framework */ = {isa = PBXFileReference; lastKnownFileType = wrapper.framework; path = floopsdk.framework; sourceTree = "<group>"; };
/* End PBXFileReference section */

/* Begin PBXFrameworksBuildPhase section */
		35791CB8171588890011FD1F /* Frameworks */ = {
			isa = PBXFrameworksBuildPhase;
			buildActionMask = 2147483647;
			files = (
				4DEA022A1790896A003BB34D /* AdSupport.framework in Frameworks */,
				4DEA022817908957003BB34D /* CoreImage.framework in Frameworks */,
				BF9C82CF180EC780000C4928 /* floopsdk.framework in Frameworks */,
				4DEA02261790894C003BB34D /* QuartzCore.framework in Frameworks */,
				4DEA022417908944003BB34D /* SystemConfiguration.framework in Frameworks */,
				4DEA022017908933003BB34D /* CFNetwork.framework in Frameworks */,
				4DEA022117908933003BB34D /* CoreData.framework in Frameworks */,
				4DEA022217908933003BB34D /* MobileCoreServices.framework in Frameworks */,
				35791CBF171588890011FD1F /* UIKit.framework in Frameworks */,
				35791CC1171588890011FD1F /* Foundation.framework in Frameworks */,
				35791CC3171588890011FD1F /* CoreGraphics.framework in Frameworks */,
			);
			runOnlyForDeploymentPostprocessing = 0;
		};
/* End PBXFrameworksBuildPhase section */

/* Begin PBXGroup section */
		35791CB2171588880011FD1F = {
			isa = PBXGroup;
			children = (
				BF9C82CB180EC780000C4928 /* floopsdk.embeddedframework */,
				35791CC4171588890011FD1F /* CameraApp */,
				35791CBD171588890011FD1F /* Frameworks */,
				35791CBC171588890011FD1F /* Products */,
			);
			sourceTree = "<group>";
		};
		35791CBC171588890011FD1F /* Products */ = {
			isa = PBXGroup;
			children = (
				35791CBB171588890011FD1F /* CameraApp.app */,
			);
			name = Products;
			sourceTree = "<group>";
		};
		35791CBD171588890011FD1F /* Frameworks */ = {
			isa = PBXGroup;
			children = (
				4DEA02291790896A003BB34D /* AdSupport.framework */,
				4DEA022717908957003BB34D /* CoreImage.framework */,
				4DEA02251790894C003BB34D /* QuartzCore.framework */,
				4DEA022317908944003BB34D /* SystemConfiguration.framework */,
				4DEA021D17908933003BB34D /* CFNetwork.framework */,
				4DEA021E17908933003BB34D /* CoreData.framework */,
				4DEA021F17908933003BB34D /* MobileCoreServices.framework */,
				35791CBE171588890011FD1F /* UIKit.framework */,
				35791CC0171588890011FD1F /* Foundation.framework */,
				35791CC2171588890011FD1F /* CoreGraphics.framework */,
			);
			name = Frameworks;
			sourceTree = "<group>";
		};
		35791CC4171588890011FD1F /* CameraApp */ = {
			isa = PBXGroup;
			children = (
				4DA7BB251799F1160056053E /* 18-monkey-with-banana.png */,
				35791CCD171588890011FD1F /* APPAppDelegate.h */,
				35791CCE171588890011FD1F /* APPAppDelegate.m */,
				35791CD6171588890011FD1F /* APPViewController.h */,
				35791CD7171588890011FD1F /* APPViewController.m */,
				35791CD9171588890011FD1F /* APPViewController.xib */,
				35791CC5171588890011FD1F /* Supporting Files */,
			);
			path = CameraApp;
			sourceTree = "<group>";
		};
		35791CC5171588890011FD1F /* Supporting Files */ = {
			isa = PBXGroup;
			children = (
				4DABCA9217F4A96700D5A548 /* floop-share-button.png */,
				35791CC6171588890011FD1F /* CameraApp-Info.plist */,
				35791CC7171588890011FD1F /* InfoPlist.strings */,
				35791CCA171588890011FD1F /* main.m */,
				35791CCC171588890011FD1F /* CameraApp-Prefix.pch */,
				35791CD0171588890011FD1F /* Default.png */,
				35791CD2171588890011FD1F /* Default@2x.png */,
				35791CD4171588890011FD1F /* Default-568h@2x.png */,
			);
			name = "Supporting Files";
			sourceTree = "<group>";
		};
		BF9C82CB180EC780000C4928 /* floopsdk.embeddedframework */ = {
			isa = PBXGroup;
			children = (
				BF9C82CC180EC780000C4928 /* floopsdk.bundle */,
				BF9C82CD180EC780000C4928 /* floopsdk.framework */,
			);
			name = floopsdk.embeddedframework;
			path = ../floopsdk.embeddedframework;
			sourceTree = "<group>";
		};
/* End PBXGroup section */

/* Begin PBXNativeTarget section */
		35791CBA171588890011FD1F /* CameraApp */ = {
			isa = PBXNativeTarget;
			buildConfigurationList = 35791CDE171588890011FD1F /* Build configuration list for PBXNativeTarget "CameraApp" */;
			buildPhases = (
				35791CB7171588890011FD1F /* Sources */,
				35791CB8171588890011FD1F /* Frameworks */,
				35791CB9171588890011FD1F /* Resources */,
			);
			buildRules = (
			);
			dependencies = (
			);
			name = CameraApp;
			productName = CameraApp;
			productReference = 35791CBB171588890011FD1F /* CameraApp.app */;
			productType = "com.apple.product-type.application";
		};
/* End PBXNativeTarget section */

/* Begin PBXProject section */
		35791CB3171588880011FD1F /* Project object */ = {
			isa = PBXProject;
			attributes = {
				CLASSPREFIX = APP;
				LastUpgradeCheck = 0460;
				ORGANIZATIONNAME = Appcoda;
			};
			buildConfigurationList = 35791CB6171588880011FD1F /* Build configuration list for PBXProject "CameraApp" */;
			compatibilityVersion = "Xcode 3.2";
			developmentRegion = English;
			hasScannedForEncodings = 0;
			knownRegions = (
				en,
			);
			mainGroup = 35791CB2171588880011FD1F;
			productRefGroup = 35791CBC171588890011FD1F /* Products */;
			projectDirPath = "";
			projectRoot = "";
			targets = (
				35791CBA171588890011FD1F /* CameraApp */,
			);
		};
/* End PBXProject section */

/* Begin PBXResourcesBuildPhase section */
		35791CB9171588890011FD1F /* Resources */ = {
			isa = PBXResourcesBuildPhase;
			buildActionMask = 2147483647;
			files = (
				35791CC9171588890011FD1F /* InfoPlist.strings in Resources */,
				BF9C82CE180EC780000C4928 /* floopsdk.bundle in Resources */,
				35791CD1171588890011FD1F /* Default.png in Resources */,
				4DABCA9317F4A96700D5A548 /* floop-share-button.png in Resources */,
				35791CD3171588890011FD1F /* Default@2x.png in Resources */,
				35791CD5171588890011FD1F /* Default-568h@2x.png in Resources */,
				35791CDB171588890011FD1F /* APPViewController.xib in Resources */,
				4DA7BB261799F1160056053E /* 18-monkey-with-banana.png in Resources */,
			);
			runOnlyForDeploymentPostprocessing = 0;
		};
/* End PBXResourcesBuildPhase section */

/* Begin PBXSourcesBuildPhase section */
		35791CB7171588890011FD1F /* Sources */ = {
			isa = PBXSourcesBuildPhase;
			buildActionMask = 2147483647;
			files = (
				35791CCB171588890011FD1F /* main.m in Sources */,
				35791CCF171588890011FD1F /* APPAppDelegate.m in Sources */,
				35791CD8171588890011FD1F /* APPViewController.m in Sources */,
			);
			runOnlyForDeploymentPostprocessing = 0;
		};
/* End PBXSourcesBuildPhase section */

/* Begin PBXVariantGroup section */
		35791CC7171588890011FD1F /* InfoPlist.strings */ = {
			isa = PBXVariantGroup;
			children = (
				35791CC8171588890011FD1F /* en */,
			);
			name = InfoPlist.strings;
			sourceTree = "<group>";
		};
		35791CD9171588890011FD1F /* APPViewController.xib */ = {
			isa = PBXVariantGroup;
			children = (
				35791CDA171588890011FD1F /* en */,
			);
			name = APPViewController.xib;
			sourceTree = "<group>";
		};
/* End PBXVariantGroup section */

/* Begin XCBuildConfiguration section */
		35791CDC171588890011FD1F /* Debug */ = {
			isa = XCBuildConfiguration;
			buildSettings = {
				ALWAYS_SEARCH_USER_PATHS = NO;
				CLANG_CXX_LANGUAGE_STANDARD = "gnu++0x";
				CLANG_CXX_LIBRARY = "libc++";
				CLANG_ENABLE_OBJC_ARC = YES;
				CLANG_WARN_CONSTANT_CONVERSION = YES;
				CLANG_WARN_EMPTY_BODY = YES;
				CLANG_WARN_ENUM_CONVERSION = YES;
				CLANG_WARN_INT_CONVERSION = YES;
				CLANG_WARN__DUPLICATE_METHOD_MATCH = YES;
				CODE_SIGN_IDENTITY = "iPhone Developer";
				"CODE_SIGN_IDENTITY[sdk=iphoneos*]" = "iPhone Developer";
				COPY_PHASE_STRIP = NO;
				GCC_C_LANGUAGE_STANDARD = gnu99;
				GCC_DYNAMIC_NO_PIC = NO;
				GCC_OPTIMIZATION_LEVEL = 0;
				GCC_PREPROCESSOR_DEFINITIONS = (
					"DEBUG=1",
					"$(inherited)",
				);
				GCC_SYMBOLS_PRIVATE_EXTERN = NO;
				GCC_WARN_ABOUT_RETURN_TYPE = YES;
				GCC_WARN_UNINITIALIZED_AUTOS = YES;
				GCC_WARN_UNUSED_VARIABLE = YES;
				IPHONEOS_DEPLOYMENT_TARGET = 6.1;
				ONLY_ACTIVE_ARCH = YES;
				PROVISIONING_PROFILE = "";
				SDKROOT = iphoneos;
			};
			name = Debug;
		};
		35791CDD171588890011FD1F /* Release */ = {
			isa = XCBuildConfiguration;
			buildSettings = {
				ALWAYS_SEARCH_USER_PATHS = NO;
				CLANG_CXX_LANGUAGE_STANDARD = "gnu++0x";
				CLANG_CXX_LIBRARY = "libc++";
				CLANG_ENABLE_OBJC_ARC = YES;
				CLANG_WARN_CONSTANT_CONVERSION = YES;
				CLANG_WARN_EMPTY_BODY = YES;
				CLANG_WARN_ENUM_CONVERSION = YES;
				CLANG_WARN_INT_CONVERSION = YES;
				CLANG_WARN__DUPLICATE_METHOD_MATCH = YES;
				CODE_SIGN_IDENTITY = "iPhone Developer";
				"CODE_SIGN_IDENTITY[sdk=iphoneos*]" = "iPhone Developer";
				COPY_PHASE_STRIP = YES;
				GCC_C_LANGUAGE_STANDARD = gnu99;
				GCC_WARN_ABOUT_RETURN_TYPE = YES;
				GCC_WARN_UNINITIALIZED_AUTOS = YES;
				GCC_WARN_UNUSED_VARIABLE = YES;
				IPHONEOS_DEPLOYMENT_TARGET = 6.1;
				OTHER_CFLAGS = "-DNS_BLOCK_ASSERTIONS=1";
				PROVISIONING_PROFILE = "";
				SDKROOT = iphoneos;
				VALIDATE_PRODUCT = YES;
			};
			name = Release;
		};
		35791CDF171588890011FD1F /* Debug */ = {
			isa = XCBuildConfiguration;
			buildSettings = {
				FRAMEWORK_SEARCH_PATHS = (
					"$(inherited)",
					"\"$(SRCROOT)/../floopsdk.embeddedframework\"",
				);
				GCC_PRECOMPILE_PREFIX_HEADER = YES;
				GCC_PREFIX_HEADER = "CameraApp/CameraApp-Prefix.pch";
				INFOPLIST_FILE = "CameraApp/CameraApp-Info.plist";
				OTHER_LDFLAGS = "-ObjC";
				PRODUCT_NAME = "$(TARGET_NAME)";
				WRAPPER_EXTENSION = app;
			};
			name = Debug;
		};
		35791CE0171588890011FD1F /* Release */ = {
			isa = XCBuildConfiguration;
			buildSettings = {
				FRAMEWORK_SEARCH_PATHS = (
					"$(inherited)",
					"\"$(SRCROOT)/../floopsdk.embeddedframework\"",
				);
				GCC_PRECOMPILE_PREFIX_HEADER = YES;
				GCC_PREFIX_HEADER = "CameraApp/CameraApp-Prefix.pch";
				INFOPLIST_FILE = "CameraApp/CameraApp-Info.plist";
				ONLY_ACTIVE_ARCH = YES;
				OTHER_LDFLAGS = "-ObjC";
				PRODUCT_NAME = "$(TARGET_NAME)";
				WRAPPER_EXTENSION = app;
			};
			name = Release;
		};
/* End XCBuildConfiguration section */

/* Begin XCConfigurationList section */
		35791CB6171588880011FD1F /* Build configuration list for PBXProject "CameraApp" */ = {
			isa = XCConfigurationList;
			buildConfigurations = (
				35791CDC171588890011FD1F /* Debug */,
				35791CDD171588890011FD1F /* Release */,
			);
			defaultConfigurationIsVisible = 0;
			defaultConfigurationName = Release;
		};
		35791CDE171588890011FD1F /* Build configuration list for PBXNativeTarget "CameraApp" */ = {
			isa = XCConfigurationList;
			buildConfigurations = (
				35791CDF171588890011FD1F /* Debug */,
				35791CE0171588890011FD1F /* Release */,
			);
			defaultConfigurationIsVisible = 0;
			defaultConfigurationName = Release;
		};
/* End XCConfigurationList section */
	};
	rootObject = 35791CB3171588880011FD1F /* Project object */;
}
